
Microsoft Visual Studio Solution File, Format Version 12.00
# Visual Studio 15
VisualStudioVersion = 15.0.27703.2000
MinimumVisualStudioVersion = 10.0.40219.1
Project("{FAE04EC0-301F-11D3-BF4B-00C04F79EFBC}") = "Salesrd.Android", "Salesrd\Salesrd.Android\Salesrd.Android.csproj", "{6C0D0220-5B25-4CF1-98EE-3ECF09D93395}"
EndProject
Project("{FAE04EC0-301F-11D3-BF4B-00C04F79EFBC}") = "Salesrd.iOS", "Salesrd\Salesrd.iOS\Salesrd.iOS.csproj", "{4AD340DF-BDA1-41F2-886D-B2A8C9A8BA1C}"
EndProject
Project("{FAE04EC0-301F-11D3-BF4B-00C04F79EFBC}") = "Salesrd.UWP", "Salesrd\Salesrd.UWP\Salesrd.UWP.csproj", "{3412B758-A25E-49E7-9928-BE2446984EDE}"
EndProject
Project("{9A19103F-16F7-4668-BE54-9A1E7A4F7556}") = "Salesrd", "Salesrd\Salesrd\Salesrd.csproj", "{71AC1CB0-EE4D-4F67-AE29-1754F647166E}"
EndProject
Project("{FAE04EC0-301F-11D3-BF4B-00C04F79EFBC}") = "Salesrd.Backend", "Salesrd.Backend\Salesrd.Backend.csproj", "{8902AEFB-BE80-4616-9A90-DE40B04E298D}"
EndProject
Project("{FAE04EC0-301F-11D3-BF4B-00C04F79EFBC}") = "Salesrd.API", "Salesrd.API\Salesrd.API.csproj", "{E872912E-C5FA-4B8E-B06A-5532A3A5C08F}"
EndProject
Project("{FAE04EC0-301F-11D3-BF4B-00C04F79EFBC}") = "Salesrd.Domain", "Salesrd.Domain\Salesrd.Domain.csproj", "{FCEACEBE-457A-468F-A50E-37A7841D5F6E}"
EndProject
Project("{FAE04EC0-301F-11D3-BF4B-00C04F79EFBC}") = "Salesrd.Common", "Salesrd.Common\Salesrd.Common.csproj", "{378E6C25-A510-43B1-A654-03266027F5D9}"
EndProject
Global
	GlobalSection(SolutionConfigurationPlatforms) = preSolution
		Ad-Hoc|Any CPU = Ad-Hoc|Any CPU
		Ad-Hoc|ARM = Ad-Hoc|ARM
		Ad-Hoc|iPhone = Ad-Hoc|iPhone
		Ad-Hoc|iPhoneSimulator = Ad-Hoc|iPhoneSimulator
		Ad-Hoc|x64 = Ad-Hoc|x64
		Ad-Hoc|x86 = Ad-Hoc|x86
		AppStore|Any CPU = AppStore|Any CPU
		AppStore|ARM = AppStore|ARM
		AppStore|iPhone = AppStore|iPhone
		AppStore|iPhoneSimulator = AppStore|iPhoneSimulator
		AppStore|x64 = AppStore|x64
		AppStore|x86 = AppStore|x86
		Debug|Any CPU = Debug|Any CPU
		Debug|ARM = Debug|ARM
		Debug|iPhone = Debug|iPhone
		Debug|iPhoneSimulator = Debug|iPhoneSimulator
		Debug|x64 = Debug|x64
		Debug|x86 = Debug|x86
		Release|Any CPU = Release|Any CPU
		Release|ARM = Release|ARM
		Release|iPhone = Release|iPhone
		Release|iPhoneSimulator = Release|iPhoneSimulator
		Release|x64 = Release|x64
		Release|x86 = Release|x86
	EndGlobalSection
	GlobalSection(ProjectConfigurationPlatforms) = postSolution
		{6C0D0220-5B25-4CF1-98EE-3ECF09D93395}.Ad-Hoc|Any CPU.ActiveCfg = Release|Any CPU
		{6C0D0220-5B25-4CF1-98EE-3ECF09D93395}.Ad-Hoc|Any CPU.Build.0 = Release|Any CPU
		{6C0D0220-5B25-4CF1-98EE-3ECF09D93395}.Ad-Hoc|Any CPU.Deploy.0 = Release|Any CPU
		{6C0D0220-5B25-4CF1-98EE-3ECF09D93395}.Ad-Hoc|ARM.ActiveCfg = Release|Any CPU
		{6C0D0220-5B25-4CF1-98EE-3ECF09D93395}.Ad-Hoc|ARM.Build.0 = Release|Any CPU
		{6C0D0220-5B25-4CF1-98EE-3ECF09D93395}.Ad-Hoc|ARM.Deploy.0 = Release|Any CPU
		{6C0D0220-5B25-4CF1-98EE-3ECF09D93395}.Ad-Hoc|iPhone.ActiveCfg = Release|Any CPU
		{6C0D0220-5B25-4CF1-98EE-3ECF09D93395}.Ad-Hoc|iPhone.Build.0 = Release|Any CPU
		{6C0D0220-5B25-4CF1-98EE-3ECF09D93395}.Ad-Hoc|iPhone.Deploy.0 = Release|Any CPU
		{6C0D0220-5B25-4CF1-98EE-3ECF09D93395}.Ad-Hoc|iPhoneSimulator.ActiveCfg = Release|Any CPU
		{6C0D0220-5B25-4CF1-98EE-3ECF09D93395}.Ad-Hoc|iPhoneSimulator.Build.0 = Release|Any CPU
		{6C0D0220-5B25-4CF1-98EE-3ECF09D93395}.Ad-Hoc|iPhoneSimulator.Deploy.0 = Release|Any CPU
		{6C0D0220-5B25-4CF1-98EE-3ECF09D93395}.Ad-Hoc|x64.ActiveCfg = Release|Any CPU
		{6C0D0220-5B25-4CF1-98EE-3ECF09D93395}.Ad-Hoc|x64.Build.0 = Release|Any CPU
		{6C0D0220-5B25-4CF1-98EE-3ECF09D93395}.Ad-Hoc|x64.Deploy.0 = Release|Any CPU
		{6C0D0220-5B25-4CF1-98EE-3ECF09D93395}.Ad-Hoc|x86.ActiveCfg = Release|Any CPU
		{6C0D0220-5B25-4CF1-98EE-3ECF09D93395}.Ad-Hoc|x86.Build.0 = Release|Any CPU
		{6C0D0220-5B25-4CF1-98EE-3ECF09D93395}.Ad-Hoc|x86.Deploy.0 = Release|Any CPU
		{6C0D0220-5B25-4CF1-98EE-3ECF09D93395}.AppStore|Any CPU.ActiveCfg = Release|Any CPU
		{6C0D0220-5B25-4CF1-98EE-3ECF09D93395}.AppStore|Any CPU.Build.0 = Release|Any CPU
		{6C0D0220-5B25-4CF1-98EE-3ECF09D93395}.AppStore|Any CPU.Deploy.0 = Release|Any CPU
		{6C0D0220-5B25-4CF1-98EE-3ECF09D93395}.AppStore|ARM.ActiveCfg = Release|Any CPU
		{6C0D0220-5B25-4CF1-98EE-3ECF09D93395}.AppStore|ARM.Build.0 = Release|Any CPU
		{6C0D0220-5B25-4CF1-98EE-3ECF09D93395}.AppStore|ARM.Deploy.0 = Release|Any CPU
		{6C0D0220-5B25-4CF1-98EE-3ECF09D93395}.AppStore|iPhone.ActiveCfg = Release|Any CPU
		{6C0D0220-5B25-4CF1-98EE-3ECF09D93395}.AppStore|iPhone.Build.0 = Release|Any CPU
		{6C0D0220-5B25-4CF1-98EE-3ECF09D93395}.AppStore|iPhone.Deploy.0 = Release|Any CPU
		{6C0D0220-5B25-4CF1-98EE-3ECF09D93395}.AppStore|iPhoneSimulator.ActiveCfg = Release|Any CPU
		{6C0D0220-5B25-4CF1-98EE-3ECF09D93395}.AppStore|iPhoneSimulator.Build.0 = Release|Any CPU
		{6C0D0220-5B25-4CF1-98EE-3ECF09D93395}.AppStore|iPhoneSimulator.Deploy.0 = Release|Any CPU
		{6C0D0220-5B25-4CF1-98EE-3ECF09D93395}.AppStore|x64.ActiveCfg = Release|Any CPU
		{6C0D0220-5B25-4CF1-98EE-3ECF09D93395}.AppStore|x64.Build.0 = Release|Any CPU
		{6C0D0220-5B25-4CF1-98EE-3ECF09D93395}.AppStore|x64.Deploy.0 = Release|Any CPU
		{6C0D0220-5B25-4CF1-98EE-3ECF09D93395}.AppStore|x86.ActiveCfg = Release|Any CPU
		{6C0D0220-5B25-4CF1-98EE-3ECF09D93395}.AppStore|x86.Build.0 = Release|Any CPU
		{6C0D0220-5B25-4CF1-98EE-3ECF09D93395}.AppStore|x86.Deploy.0 = Release|Any CPU
		{6C0D0220-5B25-4CF1-98EE-3ECF09D93395}.Debug|Any CPU.ActiveCfg = Debug|Any CPU
		{6C0D0220-5B25-4CF1-98EE-3ECF09D93395}.Debug|Any CPU.Build.0 = Debug|Any CPU
		{6C0D0220-5B25-4CF1-98EE-3ECF09D93395}.Debug|Any CPU.Deploy.0 = Debug|Any CPU
		{6C0D0220-5B25-4CF1-98EE-3ECF09D93395}.Debug|ARM.ActiveCfg = Debug|Any CPU
		{6C0D0220-5B25-4CF1-98EE-3ECF09D93395}.Debug|ARM.Build.0 = Debug|Any CPU
		{6C0D0220-5B25-4CF1-98EE-3ECF09D93395}.Debug|ARM.Deploy.0 = Debug|Any CPU
		{6C0D0220-5B25-4CF1-98EE-3ECF09D93395}.Debug|iPhone.ActiveCfg = Debug|Any CPU
		{6C0D0220-5B25-4CF1-98EE-3ECF09D93395}.Debug|iPhone.Build.0 = Debug|Any CPU
		{6C0D0220-5B25-4CF1-98EE-3ECF09D93395}.Debug|iPhone.Deploy.0 = Debug|Any CPU
		{6C0D0220-5B25-4CF1-98EE-3ECF09D93395}.Debug|iPhoneSimulator.ActiveCfg = Debug|Any CPU
		{6C0D0220-5B25-4CF1-98EE-3ECF09D93395}.Debug|iPhoneSimulator.Build.0 = Debug|Any CPU
		{6C0D0220-5B25-4CF1-98EE-3ECF09D93395}.Debug|iPhoneSimulator.Deploy.0 = Debug|Any CPU
		{6C0D0220-5B25-4CF1-98EE-3ECF09D93395}.Debug|x64.ActiveCfg = Debug|Any CPU
		{6C0D0220-5B25-4CF1-98EE-3ECF09D93395}.Debug|x64.Build.0 = Debug|Any CPU
		{6C0D0220-5B25-4CF1-98EE-3ECF09D93395}.Debug|x64.Deploy.0 = Debug|Any CPU
		{6C0D0220-5B25-4CF1-98EE-3ECF09D93395}.Debug|x86.ActiveCfg = Debug|Any CPU
		{6C0D0220-5B25-4CF1-98EE-3ECF09D93395}.Debug|x86.Build.0 = Debug|Any CPU
		{6C0D0220-5B25-4CF1-98EE-3ECF09D93395}.Debug|x86.Deploy.0 = Debug|Any CPU
		{6C0D0220-5B25-4CF1-98EE-3ECF09D93395}.Release|Any CPU.ActiveCfg = Release|Any CPU
		{6C0D0220-5B25-4CF1-98EE-3ECF09D93395}.Release|Any CPU.Build.0 = Release|Any CPU
		{6C0D0220-5B25-4CF1-98EE-3ECF09D93395}.Release|Any CPU.Deploy.0 = Release|Any CPU
		{6C0D0220-5B25-4CF1-98EE-3ECF09D93395}.Release|ARM.ActiveCfg = Release|Any CPU
		{6C0D0220-5B25-4CF1-98EE-3ECF09D93395}.Release|ARM.Build.0 = Release|Any CPU
		{6C0D0220-5B25-4CF1-98EE-3ECF09D93395}.Release|ARM.Deploy.0 = Release|Any CPU
		{6C0D0220-5B25-4CF1-98EE-3ECF09D93395}.Release|iPhone.ActiveCfg = Release|Any CPU
		{6C0D0220-5B25-4CF1-98EE-3ECF09D93395}.Release|iPhone.Build.0 = Release|Any CPU
		{6C0D0220-5B25-4CF1-98EE-3ECF09D93395}.Release|iPhone.Deploy.0 = Release|Any CPU
		{6C0D0220-5B25-4CF1-98EE-3ECF09D93395}.Release|iPhoneSimulator.ActiveCfg = Release|Any CPU
		{6C0D0220-5B25-4CF1-98EE-3ECF09D93395}.Release|iPhoneSimulator.Build.0 = Release|Any CPU
		{6C0D0220-5B25-4CF1-98EE-3ECF09D93395}.Release|iPhoneSimulator.Deploy.0 = Release|Any CPU
		{6C0D0220-5B25-4CF1-98EE-3ECF09D93395}.Release|x64.ActiveCfg = Release|Any CPU
		{6C0D0220-5B25-4CF1-98EE-3ECF09D93395}.Release|x64.Build.0 = Release|Any CPU
		{6C0D0220-5B25-4CF1-98EE-3ECF09D93395}.Release|x64.Deploy.0 = Release|Any CPU
		{6C0D0220-5B25-4CF1-98EE-3ECF09D93395}.Release|x86.ActiveCfg = Release|Any CPU
		{6C0D0220-5B25-4CF1-98EE-3ECF09D93395}.Release|x86.Build.0 = Release|Any CPU
		{6C0D0220-5B25-4CF1-98EE-3ECF09D93395}.Release|x86.Deploy.0 = Release|Any CPU
		{4AD340DF-BDA1-41F2-886D-B2A8C9A8BA1C}.Ad-Hoc|Any CPU.ActiveCfg = Ad-Hoc|iPhone
		{4AD340DF-BDA1-41F2-886D-B2A8C9A8BA1C}.Ad-Hoc|Any CPU.Build.0 = Ad-Hoc|iPhone
		{4AD340DF-BDA1-41F2-886D-B2A8C9A8BA1C}.Ad-Hoc|Any CPU.Deploy.0 = Ad-Hoc|iPhone
		{4AD340DF-BDA1-41F2-886D-B2A8C9A8BA1C}.Ad-Hoc|ARM.ActiveCfg = Ad-Hoc|iPhone
		{4AD340DF-BDA1-41F2-886D-B2A8C9A8BA1C}.Ad-Hoc|ARM.Build.0 = Ad-Hoc|iPhone
		{4AD340DF-BDA1-41F2-886D-B2A8C9A8BA1C}.Ad-Hoc|ARM.Deploy.0 = Ad-Hoc|iPhone
		{4AD340DF-BDA1-41F2-886D-B2A8C9A8BA1C}.Ad-Hoc|iPhone.ActiveCfg = Ad-Hoc|iPhone
		{4AD340DF-BDA1-41F2-886D-B2A8C9A8BA1C}.Ad-Hoc|iPhone.Build.0 = Ad-Hoc|iPhone
		{4AD340DF-BDA1-41F2-886D-B2A8C9A8BA1C}.Ad-Hoc|iPhone.Deploy.0 = Ad-Hoc|iPhone
		{4AD340DF-BDA1-41F2-886D-B2A8C9A8BA1C}.Ad-Hoc|iPhoneSimulator.ActiveCfg = Ad-Hoc|iPhoneSimulator
		{4AD340DF-BDA1-41F2-886D-B2A8C9A8BA1C}.Ad-Hoc|iPhoneSimulator.Build.0 = Ad-Hoc|iPhoneSimulator
		{4AD340DF-BDA1-41F2-886D-B2A8C9A8BA1C}.Ad-Hoc|iPhoneSimulator.Deploy.0 = Ad-Hoc|iPhoneSimulator
		{4AD340DF-BDA1-41F2-886D-B2A8C9A8BA1C}.Ad-Hoc|x64.ActiveCfg = Ad-Hoc|iPhone
		{4AD340DF-BDA1-41F2-886D-B2A8C9A8BA1C}.Ad-Hoc|x64.Build.0 = Ad-Hoc|iPhone
		{4AD340DF-BDA1-41F2-886D-B2A8C9A8BA1C}.Ad-Hoc|x64.Deploy.0 = Ad-Hoc|iPhone
		{4AD340DF-BDA1-41F2-886D-B2A8C9A8BA1C}.Ad-Hoc|x86.ActiveCfg = Ad-Hoc|iPhone
		{4AD340DF-BDA1-41F2-886D-B2A8C9A8BA1C}.Ad-Hoc|x86.Build.0 = Ad-Hoc|iPhone
		{4AD340DF-BDA1-41F2-886D-B2A8C9A8BA1C}.Ad-Hoc|x86.Deploy.0 = Ad-Hoc|iPhone
		{4AD340DF-BDA1-41F2-886D-B2A8C9A8BA1C}.AppStore|Any CPU.ActiveCfg = AppStore|iPhone
		{4AD340DF-BDA1-41F2-886D-B2A8C9A8BA1C}.AppStore|Any CPU.Build.0 = AppStore|iPhone
		{4AD340DF-BDA1-41F2-886D-B2A8C9A8BA1C}.AppStore|Any CPU.Deploy.0 = AppStore|iPhone
		{4AD340DF-BDA1-41F2-886D-B2A8C9A8BA1C}.AppStore|ARM.ActiveCfg = AppStore|iPhone
		{4AD340DF-BDA1-41F2-886D-B2A8C9A8BA1C}.AppStore|ARM.Build.0 = AppStore|iPhone
		{4AD340DF-BDA1-41F2-886D-B2A8C9A8BA1C}.AppStore|ARM.Deploy.0 = AppStore|iPhone
		{4AD340DF-BDA1-41F2-886D-B2A8C9A8BA1C}.AppStore|iPhone.ActiveCfg = AppStore|iPhone
		{4AD340DF-BDA1-41F2-886D-B2A8C9A8BA1C}.AppStore|iPhone.Build.0 = AppStore|iPhone
		{4AD340DF-BDA1-41F2-886D-B2A8C9A8BA1C}.AppStore|iPhone.Deploy.0 = AppStore|iPhone
		{4AD340DF-BDA1-41F2-886D-B2A8C9A8BA1C}.AppStore|iPhoneSimulator.ActiveCfg = AppStore|iPhoneSimulator
		{4AD340DF-BDA1-41F2-886D-B2A8C9A8BA1C}.AppStore|iPhoneSimulator.Build.0 = AppStore|iPhoneSimulator
		{4AD340DF-BDA1-41F2-886D-B2A8C9A8BA1C}.AppStore|iPhoneSimulator.Deploy.0 = AppStore|iPhoneSimulator
		{4AD340DF-BDA1-41F2-886D-B2A8C9A8BA1C}.AppStore|x64.ActiveCfg = AppStore|iPhone
		{4AD340DF-BDA1-41F2-886D-B2A8C9A8BA1C}.AppStore|x64.Build.0 = AppStore|iPhone
		{4AD340DF-BDA1-41F2-886D-B2A8C9A8BA1C}.AppStore|x64.Deploy.0 = AppStore|iPhone
		{4AD340DF-BDA1-41F2-886D-B2A8C9A8BA1C}.AppStore|x86.ActiveCfg = AppStore|iPhone
		{4AD340DF-BDA1-41F2-886D-B2A8C9A8BA1C}.AppStore|x86.Build.0 = AppStore|iPhone
		{4AD340DF-BDA1-41F2-886D-B2A8C9A8BA1C}.AppStore|x86.Deploy.0 = AppStore|iPhone
		{4AD340DF-BDA1-41F2-886D-B2A8C9A8BA1C}.Debug|Any CPU.ActiveCfg = Debug|iPhoneSimulator
		{4AD340DF-BDA1-41F2-886D-B2A8C9A8BA1C}.Debug|Any CPU.Build.0 = Debug|iPhoneSimulator
		{4AD340DF-BDA1-41F2-886D-B2A8C9A8BA1C}.Debug|Any CPU.Deploy.0 = Debug|iPhoneSimulator
		{4AD340DF-BDA1-41F2-886D-B2A8C9A8BA1C}.Debug|ARM.ActiveCfg = Debug|iPhone
		{4AD340DF-BDA1-41F2-886D-B2A8C9A8BA1C}.Debug|ARM.Build.0 = Debug|iPhone
		{4AD340DF-BDA1-41F2-886D-B2A8C9A8BA1C}.Debug|ARM.Deploy.0 = Debug|iPhone
		{4AD340DF-BDA1-41F2-886D-B2A8C9A8BA1C}.Debug|iPhone.ActiveCfg = Debug|iPhone
		{4AD340DF-BDA1-41F2-886D-B2A8C9A8BA1C}.Debug|iPhone.Build.0 = Debug|iPhone
		{4AD340DF-BDA1-41F2-886D-B2A8C9A8BA1C}.Debug|iPhone.Deploy.0 = Debug|iPhone
		{4AD340DF-BDA1-41F2-886D-B2A8C9A8BA1C}.Debug|iPhoneSimulator.ActiveCfg = Debug|iPhoneSimulator
		{4AD340DF-BDA1-41F2-886D-B2A8C9A8BA1C}.Debug|iPhoneSimulator.Build.0 = Debug|iPhoneSimulator
		{4AD340DF-BDA1-41F2-886D-B2A8C9A8BA1C}.Debug|iPhoneSimulator.Deploy.0 = Debug|iPhoneSimulator
		{4AD340DF-BDA1-41F2-886D-B2A8C9A8BA1C}.Debug|x64.ActiveCfg = Debug|iPhone
		{4AD340DF-BDA1-41F2-886D-B2A8C9A8BA1C}.Debug|x64.Build.0 = Debug|iPhone
		{4AD340DF-BDA1-41F2-886D-B2A8C9A8BA1C}.Debug|x64.Deploy.0 = Debug|iPhone
		{4AD340DF-BDA1-41F2-886D-B2A8C9A8BA1C}.Debug|x86.ActiveCfg = Debug|iPhone
		{4AD340DF-BDA1-41F2-886D-B2A8C9A8BA1C}.Debug|x86.Build.0 = Debug|iPhone
		{4AD340DF-BDA1-41F2-886D-B2A8C9A8BA1C}.Debug|x86.Deploy.0 = Debug|iPhone
		{4AD340DF-BDA1-41F2-886D-B2A8C9A8BA1C}.Release|Any CPU.ActiveCfg = Release|iPhone
		{4AD340DF-BDA1-41F2-886D-B2A8C9A8BA1C}.Release|Any CPU.Build.0 = Release|iPhone
		{4AD340DF-BDA1-41F2-886D-B2A8C9A8BA1C}.Release|Any CPU.Deploy.0 = Release|iPhone
		{4AD340DF-BDA1-41F2-886D-B2A8C9A8BA1C}.Release|ARM.ActiveCfg = Release|iPhone
		{4AD340DF-BDA1-41F2-886D-B2A8C9A8BA1C}.Release|ARM.Build.0 = Release|iPhone
		{4AD340DF-BDA1-41F2-886D-B2A8C9A8BA1C}.Release|ARM.Deploy.0 = Release|iPhone
		{4AD340DF-BDA1-41F2-886D-B2A8C9A8BA1C}.Release|iPhone.ActiveCfg = Release|iPhone
		{4AD340DF-BDA1-41F2-886D-B2A8C9A8BA1C}.Release|iPhone.Build.0 = Release|iPhone
		{4AD340DF-BDA1-41F2-886D-B2A8C9A8BA1C}.Release|iPhone.Deploy.0 = Release|iPhone
		{4AD340DF-BDA1-41F2-886D-B2A8C9A8BA1C}.Release|iPhoneSimulator.ActiveCfg = Release|iPhoneSimulator
		{4AD340DF-BDA1-41F2-886D-B2A8C9A8BA1C}.Release|iPhoneSimulator.Build.0 = Release|iPhoneSimulator
		{4AD340DF-BDA1-41F2-886D-B2A8C9A8BA1C}.Release|iPhoneSimulator.Deploy.0 = Release|iPhoneSimulator
		{4AD340DF-BDA1-41F2-886D-B2A8C9A8BA1C}.Release|x64.ActiveCfg = Release|iPhone
		{4AD340DF-BDA1-41F2-886D-B2A8C9A8BA1C}.Release|x64.Build.0 = Release|iPhone
		{4AD340DF-BDA1-41F2-886D-B2A8C9A8BA1C}.Release|x64.Deploy.0 = Release|iPhone
		{4AD340DF-BDA1-41F2-886D-B2A8C9A8BA1C}.Release|x86.ActiveCfg = Release|iPhone
		{4AD340DF-BDA1-41F2-886D-B2A8C9A8BA1C}.Release|x86.Build.0 = Release|iPhone
		{4AD340DF-BDA1-41F2-886D-B2A8C9A8BA1C}.Release|x86.Deploy.0 = Release|iPhone
		{3412B758-A25E-49E7-9928-BE2446984EDE}.Ad-Hoc|Any CPU.ActiveCfg = Release|x86
		{3412B758-A25E-49E7-9928-BE2446984EDE}.Ad-Hoc|Any CPU.Build.0 = Release|x86
		{3412B758-A25E-49E7-9928-BE2446984EDE}.Ad-Hoc|Any CPU.Deploy.0 = Release|x86
		{3412B758-A25E-49E7-9928-BE2446984EDE}.Ad-Hoc|ARM.ActiveCfg = Release|ARM
		{3412B758-A25E-49E7-9928-BE2446984EDE}.Ad-Hoc|ARM.Build.0 = Release|ARM
		{3412B758-A25E-49E7-9928-BE2446984EDE}.Ad-Hoc|ARM.Deploy.0 = Release|ARM
		{3412B758-A25E-49E7-9928-BE2446984EDE}.Ad-Hoc|iPhone.ActiveCfg = Release|x86
		{3412B758-A25E-49E7-9928-BE2446984EDE}.Ad-Hoc|iPhone.Build.0 = Release|x86
		{3412B758-A25E-49E7-9928-BE2446984EDE}.Ad-Hoc|iPhone.Deploy.0 = Release|x86
		{3412B758-A25E-49E7-9928-BE2446984EDE}.Ad-Hoc|iPhoneSimulator.ActiveCfg = Release|x86
		{3412B758-A25E-49E7-9928-BE2446984EDE}.Ad-Hoc|iPhoneSimulator.Build.0 = Release|x86
		{3412B758-A25E-49E7-9928-BE2446984EDE}.Ad-Hoc|iPhoneSimulator.Deploy.0 = Release|x86
		{3412B758-A25E-49E7-9928-BE2446984EDE}.Ad-Hoc|x64.ActiveCfg = Release|x64
		{3412B758-A25E-49E7-9928-BE2446984EDE}.Ad-Hoc|x64.Build.0 = Release|x64
		{3412B758-A25E-49E7-9928-BE2446984EDE}.Ad-Hoc|x64.Deploy.0 = Release|x64
		{3412B758-A25E-49E7-9928-BE2446984EDE}.Ad-Hoc|x86.ActiveCfg = Release|x86
		{3412B758-A25E-49E7-9928-BE2446984EDE}.Ad-Hoc|x86.Build.0 = Release|x86
		{3412B758-A25E-49E7-9928-BE2446984EDE}.Ad-Hoc|x86.Deploy.0 = Release|x86
		{3412B758-A25E-49E7-9928-BE2446984EDE}.AppStore|Any CPU.ActiveCfg = Release|x86
		{3412B758-A25E-49E7-9928-BE2446984EDE}.AppStore|Any CPU.Build.0 = Release|x86
		{3412B758-A25E-49E7-9928-BE2446984EDE}.AppStore|Any CPU.Deploy.0 = Release|x86
		{3412B758-A25E-49E7-9928-BE2446984EDE}.AppStore|ARM.ActiveCfg = Release|ARM
		{3412B758-A25E-49E7-9928-BE2446984EDE}.AppStore|ARM.Build.0 = Release|ARM
		{3412B758-A25E-49E7-9928-BE2446984EDE}.AppStore|ARM.Deploy.0 = Release|ARM
		{3412B758-A25E-49E7-9928-BE2446984EDE}.AppStore|iPhone.ActiveCfg = Release|x86
		{3412B758-A25E-49E7-9928-BE2446984EDE}.AppStore|iPhone.Build.0 = Release|x86
		{3412B758-A25E-49E7-9928-BE2446984EDE}.AppStore|iPhone.Deploy.0 = Release|x86
		{3412B758-A25E-49E7-9928-BE2446984EDE}.AppStore|iPhoneSimulator.ActiveCfg = Release|x86
		{3412B758-A25E-49E7-9928-BE2446984EDE}.AppStore|iPhoneSimulator.Build.0 = Release|x86
		{3412B758-A25E-49E7-9928-BE2446984EDE}.AppStore|iPhoneSimulator.Deploy.0 = Release|x86
		{3412B758-A25E-49E7-9928-BE2446984EDE}.AppStore|x64.ActiveCfg = Release|x64
		{3412B758-A25E-49E7-9928-BE2446984EDE}.AppStore|x64.Build.0 = Release|x64
		{3412B758-A25E-49E7-9928-BE2446984EDE}.AppStore|x64.Deploy.0 = Release|x64
		{3412B758-A25E-49E7-9928-BE2446984EDE}.AppStore|x86.ActiveCfg = Release|x86
		{3412B758-A25E-49E7-9928-BE2446984EDE}.AppStore|x86.Build.0 = Release|x86
		{3412B758-A25E-49E7-9928-BE2446984EDE}.AppStore|x86.Deploy.0 = Release|x86
		{3412B758-A25E-49E7-9928-BE2446984EDE}.Debug|Any CPU.ActiveCfg = Debug|x86
		{3412B758-A25E-49E7-9928-BE2446984EDE}.Debug|Any CPU.Build.0 = Debug|x86
		{3412B758-A25E-49E7-9928-BE2446984EDE}.Debug|Any CPU.Deploy.0 = Debug|x86
		{3412B758-A25E-49E7-9928-BE2446984EDE}.Debug|ARM.ActiveCfg = Debug|ARM
		{3412B758-A25E-49E7-9928-BE2446984EDE}.Debug|ARM.Build.0 = Debug|ARM
		{3412B758-A25E-49E7-9928-BE2446984EDE}.Debug|ARM.Deploy.0 = Debug|ARM
		{3412B758-A25E-49E7-9928-BE2446984EDE}.Debug|iPhone.ActiveCfg = Debug|x86
		{3412B758-A25E-49E7-9928-BE2446984EDE}.Debug|iPhone.Build.0 = Debug|x86
		{3412B758-A25E-49E7-9928-BE2446984EDE}.Debug|iPhone.Deploy.0 = Debug|x86
		{3412B758-A25E-49E7-9928-BE2446984EDE}.Debug|iPhoneSimulator.ActiveCfg = Debug|x86
		{3412B758-A25E-49E7-9928-BE2446984EDE}.Debug|iPhoneSimulator.Build.0 = Debug|x86
		{3412B758-A25E-49E7-9928-BE2446984EDE}.Debug|iPhoneSimulator.Deploy.0 = Debug|x86
		{3412B758-A25E-49E7-9928-BE2446984EDE}.Debug|x64.ActiveCfg = Debug|x64
		{3412B758-A25E-49E7-9928-BE2446984EDE}.Debug|x64.Build.0 = Debug|x64
		{3412B758-A25E-49E7-9928-BE2446984EDE}.Debug|x64.Deploy.0 = Debug|x64
		{3412B758-A25E-49E7-9928-BE2446984EDE}.Debug|x86.ActiveCfg = Debug|x86
		{3412B758-A25E-49E7-9928-BE2446984EDE}.Debug|x86.Build.0 = Debug|x86
		{3412B758-A25E-49E7-9928-BE2446984EDE}.Debug|x86.Deploy.0 = Debug|x86
		{3412B758-A25E-49E7-9928-BE2446984EDE}.Release|Any CPU.ActiveCfg = Release|x86
		{3412B758-A25E-49E7-9928-BE2446984EDE}.Release|Any CPU.Build.0 = Release|x86
		{3412B758-A25E-49E7-9928-BE2446984EDE}.Release|Any CPU.Deploy.0 = Release|x86
		{3412B758-A25E-49E7-9928-BE2446984EDE}.Release|ARM.ActiveCfg = Release|ARM
		{3412B758-A25E-49E7-9928-BE2446984EDE}.Release|ARM.Build.0 = Release|ARM
		{3412B758-A25E-49E7-9928-BE2446984EDE}.Release|ARM.Deploy.0 = Release|ARM
		{3412B758-A25E-49E7-9928-BE2446984EDE}.Release|iPhone.ActiveCfg = Release|x86
		{3412B758-A25E-49E7-9928-BE2446984EDE}.Release|iPhone.Build.0 = Release|x86
		{3412B758-A25E-49E7-9928-BE2446984EDE}.Release|iPhone.Deploy.0 = Release|x86
		{3412B758-A25E-49E7-9928-BE2446984EDE}.Release|iPhoneSimulator.ActiveCfg = Release|x86
		{3412B758-A25E-49E7-9928-BE2446984EDE}.Release|iPhoneSimulator.Build.0 = Release|x86
		{3412B758-A25E-49E7-9928-BE2446984EDE}.Release|iPhoneSimulator.Deploy.0 = Release|x86
		{3412B758-A25E-49E7-9928-BE2446984EDE}.Release|x64.ActiveCfg = Release|x64
		{3412B758-A25E-49E7-9928-BE2446984EDE}.Release|x64.Build.0 = Release|x64
		{3412B758-A25E-49E7-9928-BE2446984EDE}.Release|x64.Deploy.0 = Release|x64
		{3412B758-A25E-49E7-9928-BE2446984EDE}.Release|x86.ActiveCfg = Release|x86
		{3412B758-A25E-49E7-9928-BE2446984EDE}.Release|x86.Build.0 = Release|x86
		{3412B758-A25E-49E7-9928-BE2446984EDE}.Release|x86.Deploy.0 = Release|x86
		{71AC1CB0-EE4D-4F67-AE29-1754F647166E}.Ad-Hoc|Any CPU.ActiveCfg = Debug|Any CPU
		{71AC1CB0-EE4D-4F67-AE29-1754F647166E}.Ad-Hoc|Any CPU.Build.0 = Debug|Any CPU
		{71AC1CB0-EE4D-4F67-AE29-1754F647166E}.Ad-Hoc|Any CPU.Deploy.0 = Debug|Any CPU
		{71AC1CB0-EE4D-4F67-AE29-1754F647166E}.Ad-Hoc|ARM.ActiveCfg = Debug|Any CPU
		{71AC1CB0-EE4D-4F67-AE29-1754F647166E}.Ad-Hoc|ARM.Build.0 = Debug|Any CPU
		{71AC1CB0-EE4D-4F67-AE29-1754F647166E}.Ad-Hoc|ARM.Deploy.0 = Debug|Any CPU
		{71AC1CB0-EE4D-4F67-AE29-1754F647166E}.Ad-Hoc|iPhone.ActiveCfg = Debug|Any CPU
		{71AC1CB0-EE4D-4F67-AE29-1754F647166E}.Ad-Hoc|iPhone.Build.0 = Debug|Any CPU
		{71AC1CB0-EE4D-4F67-AE29-1754F647166E}.Ad-Hoc|iPhone.Deploy.0 = Debug|Any CPU
		{71AC1CB0-EE4D-4F67-AE29-1754F647166E}.Ad-Hoc|iPhoneSimulator.ActiveCfg = Debug|Any CPU
		{71AC1CB0-EE4D-4F67-AE29-1754F647166E}.Ad-Hoc|iPhoneSimulator.Build.0 = Debug|Any CPU
		{71AC1CB0-EE4D-4F67-AE29-1754F647166E}.Ad-Hoc|iPhoneSimulator.Deploy.0 = Debug|Any CPU
		{71AC1CB0-EE4D-4F67-AE29-1754F647166E}.Ad-Hoc|x64.ActiveCfg = Debug|Any CPU
		{71AC1CB0-EE4D-4F67-AE29-1754F647166E}.Ad-Hoc|x64.Build.0 = Debug|Any CPU
		{71AC1CB0-EE4D-4F67-AE29-1754F647166E}.Ad-Hoc|x64.Deploy.0 = Debug|Any CPU
		{71AC1CB0-EE4D-4F67-AE29-1754F647166E}.Ad-Hoc|x86.ActiveCfg = Debug|Any CPU
		{71AC1CB0-EE4D-4F67-AE29-1754F647166E}.Ad-Hoc|x86.Build.0 = Debug|Any CPU
		{71AC1CB0-EE4D-4F67-AE29-1754F647166E}.Ad-Hoc|x86.Deploy.0 = Debug|Any CPU
		{71AC1CB0-EE4D-4F67-AE29-1754F647166E}.AppStore|Any CPU.ActiveCfg = Debug|Any CPU
		{71AC1CB0-EE4D-4F67-AE29-1754F647166E}.AppStore|Any CPU.Build.0 = Debug|Any CPU
		{71AC1CB0-EE4D-4F67-AE29-1754F647166E}.AppStore|Any CPU.Deploy.0 = Debug|Any CPU
		{71AC1CB0-EE4D-4F67-AE29-1754F647166E}.AppStore|ARM.ActiveCfg = Debug|Any CPU
		{71AC1CB0-EE4D-4F67-AE29-1754F647166E}.AppStore|ARM.Build.0 = Debug|Any CPU
		{71AC1CB0-EE4D-4F67-AE29-1754F647166E}.AppStore|ARM.Deploy.0 = Debug|Any CPU
		{71AC1CB0-EE4D-4F67-AE29-1754F647166E}.AppStore|iPhone.ActiveCfg = Debug|Any CPU
		{71AC1CB0-EE4D-4F67-AE29-1754F647166E}.AppStore|iPhone.Build.0 = Debug|Any CPU
		{71AC1CB0-EE4D-4F67-AE29-1754F647166E}.AppStore|iPhone.Deploy.0 = Debug|Any CPU
		{71AC1CB0-EE4D-4F67-AE29-1754F647166E}.AppStore|iPhoneSimulator.ActiveCfg = Debug|Any CPU
		{71AC1CB0-EE4D-4F67-AE29-1754F647166E}.AppStore|iPhoneSimulator.Build.0 = Debug|Any CPU
		{71AC1CB0-EE4D-4F67-AE29-1754F647166E}.AppStore|iPhoneSimulator.Deploy.0 = Debug|Any CPU
		{71AC1CB0-EE4D-4F67-AE29-1754F647166E}.AppStore|x64.ActiveCfg = Debug|Any CPU
		{71AC1CB0-EE4D-4F67-AE29-1754F647166E}.AppStore|x64.Build.0 = Debug|Any CPU
		{71AC1CB0-EE4D-4F67-AE29-1754F647166E}.AppStore|x64.Deploy.0 = Debug|Any CPU
		{71AC1CB0-EE4D-4F67-AE29-1754F647166E}.AppStore|x86.ActiveCfg = Debug|Any CPU
		{71AC1CB0-EE4D-4F67-AE29-1754F647166E}.AppStore|x86.Build.0 = Debug|Any CPU
		{71AC1CB0-EE4D-4F67-AE29-1754F647166E}.AppStore|x86.Deploy.0 = Debug|Any CPU
		{71AC1CB0-EE4D-4F67-AE29-1754F647166E}.Debug|Any CPU.ActiveCfg = Debug|Any CPU
		{71AC1CB0-EE4D-4F67-AE29-1754F647166E}.Debug|Any CPU.Build.0 = Debug|Any CPU
		{71AC1CB0-EE4D-4F67-AE29-1754F647166E}.Debug|Any CPU.Deploy.0 = Debug|Any CPU
		{71AC1CB0-EE4D-4F67-AE29-1754F647166E}.Debug|ARM.ActiveCfg = Debug|Any CPU
		{71AC1CB0-EE4D-4F67-AE29-1754F647166E}.Debug|ARM.Build.0 = Debug|Any CPU
		{71AC1CB0-EE4D-4F67-AE29-1754F647166E}.Debug|ARM.Deploy.0 = Debug|Any CPU
		{71AC1CB0-EE4D-4F67-AE29-1754F647166E}.Debug|iPhone.ActiveCfg = Debug|Any CPU
		{71AC1CB0-EE4D-4F67-AE29-1754F647166E}.Debug|iPhone.Build.0 = Debug|Any CPU
		{71AC1CB0-EE4D-4F67-AE29-1754F647166E}.Debug|iPhone.Deploy.0 = Debug|Any CPU
		{71AC1CB0-EE4D-4F67-AE29-1754F647166E}.Debug|iPhoneSimulator.ActiveCfg = Debug|Any CPU
		{71AC1CB0-EE4D-4F67-AE29-1754F647166E}.Debug|iPhoneSimulator.Build.0 = Debug|Any CPU
		{71AC1CB0-EE4D-4F67-AE29-1754F647166E}.Debug|iPhoneSimulator.Deploy.0 = Debug|Any CPU
		{71AC1CB0-EE4D-4F67-AE29-1754F647166E}.Debug|x64.ActiveCfg = Debug|Any CPU
		{71AC1CB0-EE4D-4F67-AE29-1754F647166E}.Debug|x64.Build.0 = Debug|Any CPU
		{71AC1CB0-EE4D-4F67-AE29-1754F647166E}.Debug|x64.Deploy.0 = Debug|Any CPU
		{71AC1CB0-EE4D-4F67-AE29-1754F647166E}.Debug|x86.ActiveCfg = Debug|Any CPU
		{71AC1CB0-EE4D-4F67-AE29-1754F647166E}.Debug|x86.Build.0 = Debug|Any CPU
		{71AC1CB0-EE4D-4F67-AE29-1754F647166E}.Debug|x86.Deploy.0 = Debug|Any CPU
		{71AC1CB0-EE4D-4F67-AE29-1754F647166E}.Release|Any CPU.ActiveCfg = Release|Any CPU
		{71AC1CB0-EE4D-4F67-AE29-1754F647166E}.Release|Any CPU.Build.0 = Release|Any CPU
		{71AC1CB0-EE4D-4F67-AE29-1754F647166E}.Release|Any CPU.Deploy.0 = Release|Any CPU
		{71AC1CB0-EE4D-4F67-AE29-1754F647166E}.Release|ARM.ActiveCfg = Release|Any CPU
		{71AC1CB0-EE4D-4F67-AE29-1754F647166E}.Release|ARM.Build.0 = Release|Any CPU
		{71AC1CB0-EE4D-4F67-AE29-1754F647166E}.Release|ARM.Deploy.0 = Release|Any CPU
		{71AC1CB0-EE4D-4F67-AE29-1754F647166E}.Release|iPhone.ActiveCfg = Release|Any CPU
		{71AC1CB0-EE4D-4F67-AE29-1754F647166E}.Release|iPhone.Build.0 = Release|Any CPU
		{71AC1CB0-EE4D-4F67-AE29-1754F647166E}.Release|iPhone.Deploy.0 = Release|Any CPU
		{71AC1CB0-EE4D-4F67-AE29-1754F647166E}.Release|iPhoneSimulator.ActiveCfg = Release|Any CPU
		{71AC1CB0-EE4D-4F67-AE29-1754F647166E}.Release|iPhoneSimulator.Build.0 = Release|Any CPU
		{71AC1CB0-EE4D-4F67-AE29-1754F647166E}.Release|iPhoneSimulator.Deploy.0 = Release|Any CPU
		{71AC1CB0-EE4D-4F67-AE29-1754F647166E}.Release|x64.ActiveCfg = Release|Any CPU
		{71AC1CB0-EE4D-4F67-AE29-1754F647166E}.Release|x64.Build.0 = Release|Any CPU
		{71AC1CB0-EE4D-4F67-AE29-1754F647166E}.Release|x64.Deploy.0 = Release|Any CPU
		{71AC1CB0-EE4D-4F67-AE29-1754F647166E}.Release|x86.ActiveCfg = Release|Any CPU
		{71AC1CB0-EE4D-4F67-AE29-1754F647166E}.Release|x86.Build.0 = Release|Any CPU
		{71AC1CB0-EE4D-4F67-AE29-1754F647166E}.Release|x86.Deploy.0 = Release|Any CPU
		{8902AEFB-BE80-4616-9A90-DE40B04E298D}.Ad-Hoc|Any CPU.ActiveCfg = Release|Any CPU
		{8902AEFB-BE80-4616-9A90-DE40B04E298D}.Ad-Hoc|Any CPU.Build.0 = Release|Any CPU
		{8902AEFB-BE80-4616-9A90-DE40B04E298D}.Ad-Hoc|ARM.ActiveCfg = Release|Any CPU
		{8902AEFB-BE80-4616-9A90-DE40B04E298D}.Ad-Hoc|ARM.Build.0 = Release|Any CPU
		{8902AEFB-BE80-4616-9A90-DE40B04E298D}.Ad-Hoc|iPhone.ActiveCfg = Release|Any CPU
		{8902AEFB-BE80-4616-9A90-DE40B04E298D}.Ad-Hoc|iPhone.Build.0 = Release|Any CPU
		{8902AEFB-BE80-4616-9A90-DE40B04E298D}.Ad-Hoc|iPhoneSimulator.ActiveCfg = Release|Any CPU
		{8902AEFB-BE80-4616-9A90-DE40B04E298D}.Ad-Hoc|iPhoneSimulator.Build.0 = Release|Any CPU
		{8902AEFB-BE80-4616-9A90-DE40B04E298D}.Ad-Hoc|x64.ActiveCfg = Release|Any CPU
		{8902AEFB-BE80-4616-9A90-DE40B04E298D}.Ad-Hoc|x64.Build.0 = Release|Any CPU
		{8902AEFB-BE80-4616-9A90-DE40B04E298D}.Ad-Hoc|x86.ActiveCfg = Release|Any CPU
		{8902AEFB-BE80-4616-9A90-DE40B04E298D}.Ad-Hoc|x86.Build.0 = Release|Any CPU
		{8902AEFB-BE80-4616-9A90-DE40B04E298D}.AppStore|Any CPU.ActiveCfg = Release|Any CPU
		{8902AEFB-BE80-4616-9A90-DE40B04E298D}.AppStore|Any CPU.Build.0 = Release|Any CPU
		{8902AEFB-BE80-4616-9A90-DE40B04E298D}.AppStore|ARM.ActiveCfg = Release|Any CPU
		{8902AEFB-BE80-4616-9A90-DE40B04E298D}.AppStore|ARM.Build.0 = Release|Any CPU
		{8902AEFB-BE80-4616-9A90-DE40B04E298D}.AppStore|iPhone.ActiveCfg = Release|Any CPU
		{8902AEFB-BE80-4616-9A90-DE40B04E298D}.AppStore|iPhone.Build.0 = Release|Any CPU
		{8902AEFB-BE80-4616-9A90-DE40B04E298D}.AppStore|iPhoneSimulator.ActiveCfg = Release|Any CPU
		{8902AEFB-BE80-4616-9A90-DE40B04E298D}.AppStore|iPhoneSimulator.Build.0 = Release|Any CPU
		{8902AEFB-BE80-4616-9A90-DE40B04E298D}.AppStore|x64.ActiveCfg = Release|Any CPU
		{8902AEFB-BE80-4616-9A90-DE40B04E298D}.AppStore|x64.Build.0 = Release|Any CPU
		{8902AEFB-BE80-4616-9A90-DE40B04E298D}.AppStore|x86.ActiveCfg = Release|Any CPU
		{8902AEFB-BE80-4616-9A90-DE40B04E298D}.AppStore|x86.Build.0 = Release|Any CPU
		{8902AEFB-BE80-4616-9A90-DE40B04E298D}.Debug|Any CPU.ActiveCfg = Debug|Any CPU
		{8902AEFB-BE80-4616-9A90-DE40B04E298D}.Debug|Any CPU.Build.0 = Debug|Any CPU
		{8902AEFB-BE80-4616-9A90-DE40B04E298D}.Debug|ARM.ActiveCfg = Debug|Any CPU
		{8902AEFB-BE80-4616-9A90-DE40B04E298D}.Debug|ARM.Build.0 = Debug|Any CPU
		{8902AEFB-BE80-4616-9A90-DE40B04E298D}.Debug|iPhone.ActiveCfg = Debug|Any CPU
		{8902AEFB-BE80-4616-9A90-DE40B04E298D}.Debug|iPhone.Build.0 = Debug|Any CPU
		{8902AEFB-BE80-4616-9A90-DE40B04E298D}.Debug|iPhoneSimulator.ActiveCfg = Debug|Any CPU
		{8902AEFB-BE80-4616-9A90-DE40B04E298D}.Debug|iPhoneSimulator.Build.0 = Debug|Any CPU
		{8902AEFB-BE80-4616-9A90-DE40B04E298D}.Debug|x64.ActiveCfg = Debug|Any CPU
		{8902AEFB-BE80-4616-9A90-DE40B04E298D}.Debug|x64.Build.0 = Debug|Any CPU
		{8902AEFB-BE80-4616-9A90-DE40B04E298D}.Debug|x86.ActiveCfg = Debug|Any CPU
		{8902AEFB-BE80-4616-9A90-DE40B04E298D}.Debug|x86.Build.0 = Debug|Any CPU
		{8902AEFB-BE80-4616-9A90-DE40B04E298D}.Release|Any CPU.ActiveCfg = Release|Any CPU
		{8902AEFB-BE80-4616-9A90-DE40B04E298D}.Release|Any CPU.Build.0 = Release|Any CPU
		{8902AEFB-BE80-4616-9A90-DE40B04E298D}.Release|ARM.ActiveCfg = Release|Any CPU
		{8902AEFB-BE80-4616-9A90-DE40B04E298D}.Release|ARM.Build.0 = Release|Any CPU
		{8902AEFB-BE80-4616-9A90-DE40B04E298D}.Release|iPhone.ActiveCfg = Release|Any CPU
		{8902AEFB-BE80-4616-9A90-DE40B04E298D}.Release|iPhone.Build.0 = Release|Any CPU
		{8902AEFB-BE80-4616-9A90-DE40B04E298D}.Release|iPhoneSimulator.ActiveCfg = Release|Any CPU
		{8902AEFB-BE80-4616-9A90-DE40B04E298D}.Release|iPhoneSimulator.Build.0 = Release|Any CPU
		{8902AEFB-BE80-4616-9A90-DE40B04E298D}.Release|x64.ActiveCfg = Release|Any CPU
		{8902AEFB-BE80-4616-9A90-DE40B04E298D}.Release|x64.Build.0 = Release|Any CPU
		{8902AEFB-BE80-4616-9A90-DE40B04E298D}.Release|x86.ActiveCfg = Release|Any CPU
		{8902AEFB-BE80-4616-9A90-DE40B04E298D}.Release|x86.Build.0 = Release|Any CPU
		{E872912E-C5FA-4B8E-B06A-5532A3A5C08F}.Ad-Hoc|Any CPU.ActiveCfg = Release|Any CPU
		{E872912E-C5FA-4B8E-B06A-5532A3A5C08F}.Ad-Hoc|Any CPU.Build.0 = Release|Any CPU
		{E872912E-C5FA-4B8E-B06A-5532A3A5C08F}.Ad-Hoc|ARM.ActiveCfg = Release|Any CPU
		{E872912E-C5FA-4B8E-B06A-5532A3A5C08F}.Ad-Hoc|ARM.Build.0 = Release|Any CPU
		{E872912E-C5FA-4B8E-B06A-5532A3A5C08F}.Ad-Hoc|iPhone.ActiveCfg = Release|Any CPU
		{E872912E-C5FA-4B8E-B06A-5532A3A5C08F}.Ad-Hoc|iPhone.Build.0 = Release|Any CPU
		{E872912E-C5FA-4B8E-B06A-5532A3A5C08F}.Ad-Hoc|iPhoneSimulator.ActiveCfg = Release|Any CPU
		{E872912E-C5FA-4B8E-B06A-5532A3A5C08F}.Ad-Hoc|iPhoneSimulator.Build.0 = Release|Any CPU
		{E872912E-C5FA-4B8E-B06A-5532A3A5C08F}.Ad-Hoc|x64.ActiveCfg = Release|Any CPU
		{E872912E-C5FA-4B8E-B06A-5532A3A5C08F}.Ad-Hoc|x64.Build.0 = Release|Any CPU
		{E872912E-C5FA-4B8E-B06A-5532A3A5C08F}.Ad-Hoc|x86.ActiveCfg = Release|Any CPU
		{E872912E-C5FA-4B8E-B06A-5532A3A5C08F}.Ad-Hoc|x86.Build.0 = Release|Any CPU
		{E872912E-C5FA-4B8E-B06A-5532A3A5C08F}.AppStore|Any CPU.ActiveCfg = Release|Any CPU
		{E872912E-C5FA-4B8E-B06A-5532A3A5C08F}.AppStore|Any CPU.Build.0 = Release|Any CPU
		{E872912E-C5FA-4B8E-B06A-5532A3A5C08F}.AppStore|ARM.ActiveCfg = Release|Any CPU
		{E872912E-C5FA-4B8E-B06A-5532A3A5C08F}.AppStore|ARM.Build.0 = Release|Any CPU
		{E872912E-C5FA-4B8E-B06A-5532A3A5C08F}.AppStore|iPhone.ActiveCfg = Release|Any CPU
		{E872912E-C5FA-4B8E-B06A-5532A3A5C08F}.AppStore|iPhone.Build.0 = Release|Any CPU
		{E872912E-C5FA-4B8E-B06A-5532A3A5C08F}.AppStore|iPhoneSimulator.ActiveCfg = Release|Any CPU
		{E872912E-C5FA-4B8E-B06A-5532A3A5C08F}.AppStore|iPhoneSimulator.Build.0 = Release|Any CPU
		{E872912E-C5FA-4B8E-B06A-5532A3A5C08F}.AppStore|x64.ActiveCfg = Release|Any CPU
		{E872912E-C5FA-4B8E-B06A-5532A3A5C08F}.AppStore|x64.Build.0 = Release|Any CPU
		{E872912E-C5FA-4B8E-B06A-5532A3A5C08F}.AppStore|x86.ActiveCfg = Release|Any CPU
		{E872912E-C5FA-4B8E-B06A-5532A3A5C08F}.AppStore|x86.Build.0 = Release|Any CPU
		{E872912E-C5FA-4B8E-B06A-5532A3A5C08F}.Debug|Any CPU.ActiveCfg = Debug|Any CPU
		{E872912E-C5FA-4B8E-B06A-5532A3A5C08F}.Debug|Any CPU.Build.0 = Debug|Any CPU
		{E872912E-C5FA-4B8E-B06A-5532A3A5C08F}.Debug|ARM.ActiveCfg = Debug|Any CPU
		{E872912E-C5FA-4B8E-B06A-5532A3A5C08F}.Debug|ARM.Build.0 = Debug|Any CPU
		{E872912E-C5FA-4B8E-B06A-5532A3A5C08F}.Debug|iPhone.ActiveCfg = Debug|Any CPU
		{E872912E-C5FA-4B8E-B06A-5532A3A5C08F}.Debug|iPhone.Build.0 = Debug|Any CPU
		{E872912E-C5FA-4B8E-B06A-5532A3A5C08F}.Debug|iPhoneSimulator.ActiveCfg = Debug|Any CPU
		{E872912E-C5FA-4B8E-B06A-5532A3A5C08F}.Debug|iPhoneSimulator.Build.0 = Debug|Any CPU
		{E872912E-C5FA-4B8E-B06A-5532A3A5C08F}.Debug|x64.ActiveCfg = Debug|Any CPU
		{E872912E-C5FA-4B8E-B06A-5532A3A5C08F}.Debug|x64.Build.0 = Debug|Any CPU
		{E872912E-C5FA-4B8E-B06A-5532A3A5C08F}.Debug|x86.ActiveCfg = Debug|Any CPU
		{E872912E-C5FA-4B8E-B06A-5532A3A5C08F}.Debug|x86.Build.0 = Debug|Any CPU
		{E872912E-C5FA-4B8E-B06A-5532A3A5C08F}.Release|Any CPU.ActiveCfg = Release|Any CPU
		{E872912E-C5FA-4B8E-B06A-5532A3A5C08F}.Release|Any CPU.Build.0 = Release|Any CPU
		{E872912E-C5FA-4B8E-B06A-5532A3A5C08F}.Release|ARM.ActiveCfg = Release|Any CPU
		{E872912E-C5FA-4B8E-B06A-5532A3A5C08F}.Release|ARM.Build.0 = Release|Any CPU
		{E872912E-C5FA-4B8E-B06A-5532A3A5C08F}.Release|iPhone.ActiveCfg = Release|Any CPU
		{E872912E-C5FA-4B8E-B06A-5532A3A5C08F}.Release|iPhone.Build.0 = Release|Any CPU
		{E872912E-C5FA-4B8E-B06A-5532A3A5C08F}.Release|iPhoneSimulator.ActiveCfg = Release|Any CPU
		{E872912E-C5FA-4B8E-B06A-5532A3A5C08F}.Release|iPhoneSimulator.Build.0 = Release|Any CPU
		{E872912E-C5FA-4B8E-B06A-5532A3A5C08F}.Release|x64.ActiveCfg = Release|Any CPU
		{E872912E-C5FA-4B8E-B06A-5532A3A5C08F}.Release|x64.Build.0 = Release|Any CPU
		{E872912E-C5FA-4B8E-B06A-5532A3A5C08F}.Release|x86.ActiveCfg = Release|Any CPU
		{E872912E-C5FA-4B8E-B06A-5532A3A5C08F}.Release|x86.Build.0 = Release|Any CPU
		{FCEACEBE-457A-468F-A50E-37A7841D5F6E}.Ad-Hoc|Any CPU.ActiveCfg = Release|Any CPU
		{FCEACEBE-457A-468F-A50E-37A7841D5F6E}.Ad-Hoc|Any CPU.Build.0 = Release|Any CPU
		{FCEACEBE-457A-468F-A50E-37A7841D5F6E}.Ad-Hoc|ARM.ActiveCfg = Release|Any CPU
		{FCEACEBE-457A-468F-A50E-37A7841D5F6E}.Ad-Hoc|ARM.Build.0 = Release|Any CPU
		{FCEACEBE-457A-468F-A50E-37A7841D5F6E}.Ad-Hoc|iPhone.ActiveCfg = Release|Any CPU
		{FCEACEBE-457A-468F-A50E-37A7841D5F6E}.Ad-Hoc|iPhone.Build.0 = Release|Any CPU
		{FCEACEBE-457A-468F-A50E-37A7841D5F6E}.Ad-Hoc|iPhoneSimulator.ActiveCfg = Release|Any CPU
		{FCEACEBE-457A-468F-A50E-37A7841D5F6E}.Ad-Hoc|iPhoneSimulator.Build.0 = Release|Any CPU
		{FCEACEBE-457A-468F-A50E-37A7841D5F6E}.Ad-Hoc|x64.ActiveCfg = Release|Any CPU
		{FCEACEBE-457A-468F-A50E-37A7841D5F6E}.Ad-Hoc|x64.Build.0 = Release|Any CPU
		{FCEACEBE-457A-468F-A50E-37A7841D5F6E}.Ad-Hoc|x86.ActiveCfg = Release|Any CPU
		{FCEACEBE-457A-468F-A50E-37A7841D5F6E}.Ad-Hoc|x86.Build.0 = Release|Any CPU
		{FCEACEBE-457A-468F-A50E-37A7841D5F6E}.AppStore|Any CPU.ActiveCfg = Release|Any CPU
		{FCEACEBE-457A-468F-A50E-37A7841D5F6E}.AppStore|Any CPU.Build.0 = Release|Any CPU
		{FCEACEBE-457A-468F-A50E-37A7841D5F6E}.AppStore|ARM.ActiveCfg = Release|Any CPU
		{FCEACEBE-457A-468F-A50E-37A7841D5F6E}.AppStore|ARM.Build.0 = Release|Any CPU
		{FCEACEBE-457A-468F-A50E-37A7841D5F6E}.AppStore|iPhone.ActiveCfg = Release|Any CPU
		{FCEACEBE-457A-468F-A50E-37A7841D5F6E}.AppStore|iPhone.Build.0 = Release|Any CPU
		{FCEACEBE-457A-468F-A50E-37A7841D5F6E}.AppStore|iPhoneSimulator.ActiveCfg = Release|Any CPU
		{FCEACEBE-457A-468F-A50E-37A7841D5F6E}.AppStore|iPhoneSimulator.Build.0 = Release|Any CPU
		{FCEACEBE-457A-468F-A50E-37A7841D5F6E}.AppStore|x64.ActiveCfg = Release|Any CPU
		{FCEACEBE-457A-468F-A50E-37A7841D5F6E}.AppStore|x64.Build.0 = Release|Any CPU
		{FCEACEBE-457A-468F-A50E-37A7841D5F6E}.AppStore|x86.ActiveCfg = Release|Any CPU
		{FCEACEBE-457A-468F-A50E-37A7841D5F6E}.AppStore|x86.Build.0 = Release|Any CPU
		{FCEACEBE-457A-468F-A50E-37A7841D5F6E}.Debug|Any CPU.ActiveCfg = Debug|Any CPU
		{FCEACEBE-457A-468F-A50E-37A7841D5F6E}.Debug|Any CPU.Build.0 = Debug|Any CPU
		{FCEACEBE-457A-468F-A50E-37A7841D5F6E}.Debug|ARM.ActiveCfg = Debug|Any CPU
		{FCEACEBE-457A-468F-A50E-37A7841D5F6E}.Debug|ARM.Build.0 = Debug|Any CPU
		{FCEACEBE-457A-468F-A50E-37A7841D5F6E}.Debug|iPhone.ActiveCfg = Debug|Any CPU
		{FCEACEBE-457A-468F-A50E-37A7841D5F6E}.Debug|iPhone.Build.0 = Debug|Any CPU
		{FCEACEBE-457A-468F-A50E-37A7841D5F6E}.Debug|iPhoneSimulator.ActiveCfg = Debug|Any CPU
		{FCEACEBE-457A-468F-A50E-37A7841D5F6E}.Debug|iPhoneSimulator.Build.0 = Debug|Any CPU
		{FCEACEBE-457A-468F-A50E-37A7841D5F6E}.Debug|x64.ActiveCfg = Debug|Any CPU
		{FCEACEBE-457A-468F-A50E-37A7841D5F6E}.Debug|x64.Build.0 = Debug|Any CPU
		{FCEACEBE-457A-468F-A50E-37A7841D5F6E}.Debug|x86.ActiveCfg = Debug|Any CPU
		{FCEACEBE-457A-468F-A50E-37A7841D5F6E}.Debug|x86.Build.0 = Debug|Any CPU
		{FCEACEBE-457A-468F-A50E-37A7841D5F6E}.Release|Any CPU.ActiveCfg = Release|Any CPU
		{FCEACEBE-457A-468F-A50E-37A7841D5F6E}.Release|Any CPU.Build.0 = Release|Any CPU
		{FCEACEBE-457A-468F-A50E-37A7841D5F6E}.Release|ARM.ActiveCfg = Release|Any CPU
		{FCEACEBE-457A-468F-A50E-37A7841D5F6E}.Release|ARM.Build.0 = Release|Any CPU
		{FCEACEBE-457A-468F-A50E-37A7841D5F6E}.Release|iPhone.ActiveCfg = Release|Any CPU
		{FCEACEBE-457A-468F-A50E-37A7841D5F6E}.Release|iPhone.Build.0 = Release|Any CPU
		{FCEACEBE-457A-468F-A50E-37A7841D5F6E}.Release|iPhoneSimulator.ActiveCfg = Release|Any CPU
		{FCEACEBE-457A-468F-A50E-37A7841D5F6E}.Release|iPhoneSimulator.Build.0 = Release|Any CPU
		{FCEACEBE-457A-468F-A50E-37A7841D5F6E}.Release|x64.ActiveCfg = Release|Any CPU
		{FCEACEBE-457A-468F-A50E-37A7841D5F6E}.Release|x64.Build.0 = Release|Any CPU
		{FCEACEBE-457A-468F-A50E-37A7841D5F6E}.Release|x86.ActiveCfg = Release|Any CPU
		{FCEACEBE-457A-468F-A50E-37A7841D5F6E}.Release|x86.Build.0 = Release|Any CPU
		{378E6C25-A510-43B1-A654-03266027F5D9}.Ad-Hoc|Any CPU.ActiveCfg = Release|Any CPU
		{378E6C25-A510-43B1-A654-03266027F5D9}.Ad-Hoc|Any CPU.Build.0 = Release|Any CPU
		{378E6C25-A510-43B1-A654-03266027F5D9}.Ad-Hoc|ARM.ActiveCfg = Release|Any CPU
		{378E6C25-A510-43B1-A654-03266027F5D9}.Ad-Hoc|ARM.Build.0 = Release|Any CPU
		{378E6C25-A510-43B1-A654-03266027F5D9}.Ad-Hoc|iPhone.ActiveCfg = Release|Any CPU
		{378E6C25-A510-43B1-A654-03266027F5D9}.Ad-Hoc|iPhone.Build.0 = Release|Any CPU
		{378E6C25-A510-43B1-A654-03266027F5D9}.Ad-Hoc|iPhoneSimulator.ActiveCfg = Release|Any CPU
		{378E6C25-A510-43B1-A654-03266027F5D9}.Ad-Hoc|iPhoneSimulator.Build.0 = Release|Any CPU
		{378E6C25-A510-43B1-A654-03266027F5D9}.Ad-Hoc|x64.ActiveCfg = Release|Any CPU
		{378E6C25-A510-43B1-A654-03266027F5D9}.Ad-Hoc|x64.Build.0 = Release|Any CPU
		{378E6C25-A510-43B1-A654-03266027F5D9}.Ad-Hoc|x86.ActiveCfg = Release|Any CPU
		{378E6C25-A510-43B1-A654-03266027F5D9}.Ad-Hoc|x86.Build.0 = Release|Any CPU
		{378E6C25-A510-43B1-A654-03266027F5D9}.AppStore|Any CPU.ActiveCfg = Release|Any CPU
		{378E6C25-A510-43B1-A654-03266027F5D9}.AppStore|Any CPU.Build.0 = Release|Any CPU
		{378E6C25-A510-43B1-A654-03266027F5D9}.AppStore|ARM.ActiveCfg = Release|Any CPU
		{378E6C25-A510-43B1-A654-03266027F5D9}.AppStore|ARM.Build.0 = Release|Any CPU
		{378E6C25-A510-43B1-A654-03266027F5D9}.AppStore|iPhone.ActiveCfg = Release|Any CPU
		{378E6C25-A510-43B1-A654-03266027F5D9}.AppStore|iPhone.Build.0 = Release|Any CPU
		{378E6C25-A510-43B1-A654-03266027F5D9}.AppStore|iPhoneSimulator.ActiveCfg = Release|Any CPU
		{378E6C25-A510-43B1-A654-03266027F5D9}.AppStore|iPhoneSimulator.Build.0 = Release|Any CPU
		{378E6C25-A510-43B1-A654-03266027F5D9}.AppStore|x64.ActiveCfg = Release|Any CPU
		{378E6C25-A510-43B1-A654-03266027F5D9}.AppStore|x64.Build.0 = Release|Any CPU
		{378E6C25-A510-43B1-A654-03266027F5D9}.AppStore|x86.ActiveCfg = Release|Any CPU
		{378E6C25-A510-43B1-A654-03266027F5D9}.AppStore|x86.Build.0 = Release|Any CPU
		{378E6C25-A510-43B1-A654-03266027F5D9}.Debug|Any CPU.ActiveCfg = Debug|Any CPU
		{378E6C25-A510-43B1-A654-03266027F5D9}.Debug|Any CPU.Build.0 = Debug|Any CPU
		{378E6C25-A510-43B1-A654-03266027F5D9}.Debug|ARM.ActiveCfg = Debug|Any CPU
		{378E6C25-A510-43B1-A654-03266027F5D9}.Debug|ARM.Build.0 = Debug|Any CPU
		{378E6C25-A510-43B1-A654-03266027F5D9}.Debug|iPhone.ActiveCfg = Debug|Any CPU
		{378E6C25-A510-43B1-A654-03266027F5D9}.Debug|iPhone.Build.0 = Debug|Any CPU
		{378E6C25-A510-43B1-A654-03266027F5D9}.Debug|iPhoneSimulator.ActiveCfg = Debug|Any CPU
		{378E6C25-A510-43B1-A654-03266027F5D9}.Debug|iPhoneSimulator.Build.0 = Debug|Any CPU
		{378E6C25-A510-43B1-A654-03266027F5D9}.Debug|x64.ActiveCfg = Debug|Any CPU
		{378E6C25-A510-43B1-A654-03266027F5D9}.Debug|x64.Build.0 = Debug|Any CPU
		{378E6C25-A510-43B1-A654-03266027F5D9}.Debug|x86.ActiveCfg = Debug|Any CPU
		{378E6C25-A510-43B1-A654-03266027F5D9}.Debug|x86.Build.0 = Debug|Any CPU
		{378E6C25-A510-43B1-A654-03266027F5D9}.Release|Any CPU.ActiveCfg = Release|Any CPU
		{378E6C25-A510-43B1-A654-03266027F5D9}.Release|Any CPU.Build.0 = Release|Any CPU
		{378E6C25-A510-43B1-A654-03266027F5D9}.Release|ARM.ActiveCfg = Release|Any CPU
		{378E6C25-A510-43B1-A654-03266027F5D9}.Release|ARM.Build.0 = Release|Any CPU
		{378E6C25-A510-43B1-A654-03266027F5D9}.Release|iPhone.ActiveCfg = Release|Any CPU
		{378E6C25-A510-43B1-A654-03266027F5D9}.Release|iPhone.Build.0 = Release|Any CPU
		{378E6C25-A510-43B1-A654-03266027F5D9}.Release|iPhoneSimulator.ActiveCfg = Release|Any CPU
		{378E6C25-A510-43B1-A654-03266027F5D9}.Release|iPhoneSimulator.Build.0 = Release|Any CPU
		{378E6C25-A510-43B1-A654-03266027F5D9}.Release|x64.ActiveCfg = Release|Any CPU
		{378E6C25-A510-43B1-A654-03266027F5D9}.Release|x64.Build.0 = Release|Any CPU
		{378E6C25-A510-43B1-A654-03266027F5D9}.Release|x86.ActiveCfg = Release|Any CPU
		{378E6C25-A510-43B1-A654-03266027F5D9}.Release|x86.Build.0 = Release|Any CPU
	EndGlobalSection
	GlobalSection(SolutionProperties) = preSolution
		HideSolutionNode = FALSE
	EndGlobalSection
	GlobalSection(ExtensibilityGlobals) = postSolution
		SolutionGuid = {E64D98E0-E5C2-4565-8DAD-04D51FAB89E6}
	EndGlobalSection
EndGlobal
